// !$*UTF8*$!
{
	archiveVersion = 1;
	classes = {
	};
	objectVersion = 55;
	objects = {

/* Begin PBXBuildFile section */
		BC001E702707F58A0016D72D /* Home.storyboard in Resources */ = {isa = PBXBuildFile; fileRef = BC001E6F2707F58A0016D72D /* Home.storyboard */; };
		BCD722FF2704280000E7C893 /* AppDelegate.swift in Sources */ = {isa = PBXBuildFile; fileRef = BCD722FE2704280000E7C893 /* AppDelegate.swift */; };
		BCD723012704280000E7C893 /* SceneDelegate.swift in Sources */ = {isa = PBXBuildFile; fileRef = BCD723002704280000E7C893 /* SceneDelegate.swift */; };
		BCD723032704280000E7C893 /* ViewController.swift in Sources */ = {isa = PBXBuildFile; fileRef = BCD723022704280000E7C893 /* ViewController.swift */; };
		BCD723062704280000E7C893 /* Main.storyboard in Resources */ = {isa = PBXBuildFile; fileRef = BCD723042704280000E7C893 /* Main.storyboard */; };
		BCD723082704280100E7C893 /* Assets.xcassets in Resources */ = {isa = PBXBuildFile; fileRef = BCD723072704280100E7C893 /* Assets.xcassets */; };
		BCD7230B2704280100E7C893 /* LaunchScreen.storyboard in Resources */ = {isa = PBXBuildFile; fileRef = BCD723092704280100E7C893 /* LaunchScreen.storyboard */; };
		CFF065968F3D61BAB9D1A19E /* Pods_Aprendiendo.framework in Frameworks */ = {isa = PBXBuildFile; fileRef = 3F1FD36DA7ED8101B9845427 /* Pods_Aprendiendo.framework */; };
/* End PBXBuildFile section */

/* Begin PBXFileReference section */
		202CDC3B0A330B66EC18E9FA /* Pods-Aprendiendo.release.xcconfig */ = {isa = PBXFileReference; includeInIndex = 1; lastKnownFileType = text.xcconfig; name = "Pods-Aprendiendo.release.xcconfig"; path = "Target Support Files/Pods-Aprendiendo/Pods-Aprendiendo.release.xcconfig"; sourceTree = "<group>"; };
		3F1FD36DA7ED8101B9845427 /* Pods_Aprendiendo.framework */ = {isa = PBXFileReference; explicitFileType = wrapper.framework; includeInIndex = 0; path = Pods_Aprendiendo.framework; sourceTree = BUILT_PRODUCTS_DIR; };
		BC001E6F2707F58A0016D72D /* Home.storyboard */ = {isa = PBXFileReference; lastKnownFileType = file.storyboard; path = Home.storyboard; sourceTree = "<group>"; };
		BCD722FB2704280000E7C893 /* Aprendiendo.app */ = {isa = PBXFileReference; explicitFileType = wrapper.application; includeInIndex = 0; path = Aprendiendo.app; sourceTree = BUILT_PRODUCTS_DIR; };
		BCD722FE2704280000E7C893 /* AppDelegate.swift */ = {isa = PBXFileReference; lastKnownFileType = sourcecode.swift; path = AppDelegate.swift; sourceTree = "<group>"; };
		BCD723002704280000E7C893 /* SceneDelegate.swift */ = {isa = PBXFileReference; lastKnownFileType = sourcecode.swift; path = SceneDelegate.swift; sourceTree = "<group>"; };
		BCD723022704280000E7C893 /* ViewController.swift */ = {isa = PBXFileReference; lastKnownFileType = sourcecode.swift; path = ViewController.swift; sourceTree = "<group>"; };
		BCD723052704280000E7C893 /* Base */ = {isa = PBXFileReference; lastKnownFileType = file.storyboard; name = Base; path = Base.lproj/Main.storyboard; sourceTree = "<group>"; };
		BCD723072704280100E7C893 /* Assets.xcassets */ = {isa = PBXFileReference; lastKnownFileType = folder.assetcatalog; path = Assets.xcassets; sourceTree = "<group>"; };
		BCD7230A2704280100E7C893 /* Base */ = {isa = PBXFileReference; lastKnownFileType = file.storyboard; name = Base; path = Base.lproj/LaunchScreen.storyboard; sourceTree = "<group>"; };
		BCD7230C2704280100E7C893 /* Info.plist */ = {isa = PBXFileReference; lastKnownFileType = text.plist.xml; path = Info.plist; sourceTree = "<group>"; };
		EB3A9D78AAAECC5B1E0216A2 /* Pods-Aprendiendo.debug.xcconfig */ = {isa = PBXFileReference; includeInIndex = 1; lastKnownFileType = text.xcconfig; name = "Pods-Aprendiendo.debug.xcconfig"; path = "Target Support Files/Pods-Aprendiendo/Pods-Aprendiendo.debug.xcconfig"; sourceTree = "<group>"; };
/* End PBXFileReference section */

/* Begin PBXFrameworksBuildPhase section */
		BCD722F82704280000E7C893 /* Frameworks */ = {
			isa = PBXFrameworksBuildPhase;
			buildActionMask = 2147483647;
			files = (
				CFF065968F3D61BAB9D1A19E /* Pods_Aprendiendo.framework in Frameworks */,
			);
			runOnlyForDeploymentPostprocessing = 0;
		};
/* End PBXFrameworksBuildPhase section */

/* Begin PBXGroup section */
		589D7FCAAE7DACC11D3C622F /* Frameworks */ = {
			isa = PBXGroup;
			children = (
				3F1FD36DA7ED8101B9845427 /* Pods_Aprendiendo.framework */,
			);
			name = Frameworks;
			sourceTree = "<group>";
		};
		BCD722F22704280000E7C893 = {
			isa = PBXGroup;
			children = (
				BCD722FD2704280000E7C893 /* Aprendiendo */,
				BCD722FC2704280000E7C893 /* Products */,
				CE2FE06DBDD65C399527450B /* Pods */,
				589D7FCAAE7DACC11D3C622F /* Frameworks */,
			);
			sourceTree = "<group>";
		};
		BCD722FC2704280000E7C893 /* Products */ = {
			isa = PBXGroup;
			children = (
				BCD722FB2704280000E7C893 /* Aprendiendo.app */,
			);
			name = Products;
			sourceTree = "<group>";
		};
		BCD722FD2704280000E7C893 /* Aprendiendo */ = {
			isa = PBXGroup;
			children = (
				BCD722FE2704280000E7C893 /* AppDelegate.swift */,
				BCD723002704280000E7C893 /* SceneDelegate.swift */,
				BCD723022704280000E7C893 /* ViewController.swift */,
				BCD723042704280000E7C893 /* Main.storyboard */,
				BCD723072704280100E7C893 /* Assets.xcassets */,
				BCD723092704280100E7C893 /* LaunchScreen.storyboard */,
				BCD7230C2704280100E7C893 /* Info.plist */,
				BC001E6F2707F58A0016D72D /* Home.storyboard */,
			);
			path = Aprendiendo;
			sourceTree = "<group>";
		};
		CE2FE06DBDD65C399527450B /* Pods */ = {
			isa = PBXGroup;
			children = (
				EB3A9D78AAAECC5B1E0216A2 /* Pods-Aprendiendo.debug.xcconfig */,
				202CDC3B0A330B66EC18E9FA /* Pods-Aprendiendo.release.xcconfig */,
			);
			name = Pods;
			path = Pods;
			sourceTree = "<group>";
		};
/* End PBXGroup section */

/* Begin PBXNativeTarget section */
		BCD722FA2704280000E7C893 /* Aprendiendo */ = {
			isa = PBXNativeTarget;
			buildConfigurationList = BCD7230F2704280100E7C893 /* Build configuration list for PBXNativeTarget "Aprendiendo" */;
			buildPhases = (
				6D3AE38FA2332085E4CDFFF5 /* [CP] Check Pods Manifest.lock */,
				BCD722F72704280000E7C893 /* Sources */,
				BCD722F82704280000E7C893 /* Frameworks */,
				BCD722F92704280000E7C893 /* Resources */,
				74997EA5ADBB27D964AD39A8 /* [CP] Embed Pods Frameworks */,
			);
			buildRules = (
			);
			dependencies = (
			);
			name = Aprendiendo;
			productName = Aprendiendo;
			productReference = BCD722FB2704280000E7C893 /* Aprendiendo.app */;
			productType = "com.apple.product-type.application";
		};
/* End PBXNativeTarget section */

/* Begin PBXProject section */
		BCD722F32704280000E7C893 /* Project object */ = {
			isa = PBXProject;
			attributes = {
				BuildIndependentTargetsInParallel = 1;
				LastSwiftUpdateCheck = 1300;
				LastUpgradeCheck = 1300;
				TargetAttributes = {
					BCD722FA2704280000E7C893 = {
						CreatedOnToolsVersion = 13.0;
					};
				};
			};
			buildConfigurationList = BCD722F62704280000E7C893 /* Build configuration list for PBXProject "Aprendiendo" */;
			compatibilityVersion = "Xcode 13.0";
			developmentRegion = en;
			hasScannedForEncodings = 0;
			knownRegions = (
				en,
				Base,
			);
			mainGroup = BCD722F22704280000E7C893;
			productRefGroup = BCD722FC2704280000E7C893 /* Products */;
			projectDirPath = "";
			projectRoot = "";
			targets = (
				BCD722FA2704280000E7C893 /* Aprendiendo */,
			);
		};
/* End PBXProject section */

/* Begin PBXResourcesBuildPhase section */
		BCD722F92704280000E7C893 /* Resources */ = {
			isa = PBXResourcesBuildPhase;
			buildActionMask = 2147483647;
			files = (
				BCD7230B2704280100E7C893 /* LaunchScreen.storyboard in Resources */,
				BCD723082704280100E7C893 /* Assets.xcassets in Resources */,
				BCD723062704280000E7C893 /* Main.storyboard in Resources */,
				BC001E702707F58A0016D72D /* Home.storyboard in Resources */,
			);
			runOnlyForDeploymentPostprocessing = 0;
		};
/* End PBXResourcesBuildPhase section */

/* Begin PBXShellScriptBuildPhase section */
		6D3AE38FA2332085E4CDFFF5 /* [CP] Check Pods Manifest.lock */ = {
			isa = PBXShellScriptBuildPhase;
			buildActionMask = 2147483647;
			files = (
			);
			inputFileListPaths = (
			);
			inputPaths = (
				"${PODS_PODFILE_DIR_PATH}/Podfile.lock",
				"${PODS_ROOT}/Manifest.lock",
			);
			name = "[CP] Check Pods Manifest.lock";
			outputFileListPaths = (
			);
			outputPaths = (
				"$(DERIVED_FILE_DIR)/Pods-Aprendiendo-checkManifestLockResult.txt",
			);
			runOnlyForDeploymentPostprocessing = 0;
			shellPath = /bin/sh;
			shellScript = "diff \"${PODS_PODFILE_DIR_PATH}/Podfile.lock\" \"${PODS_ROOT}/Manifest.lock\" > /dev/null\nif [ $? != 0 ] ; then\n    # print error to STDERR\n    echo \"error: The sandbox is not in sync with the Podfile.lock. Run 'pod install' or update your CocoaPods installation.\" >&2\n    exit 1\nfi\n# This output is used by Xcode 'outputs' to avoid re-running this script phase.\necho \"SUCCESS\" > \"${SCRIPT_OUTPUT_FILE_0}\"\n";
			showEnvVarsInLog = 0;
		};
		74997EA5ADBB27D964AD39A8 /* [CP] Embed Pods Frameworks */ = {
			isa = PBXShellScriptBuildPhase;
			buildActionMask = 2147483647;
			files = (
			);
			inputFileListPaths = (
				"${PODS_ROOT}/Target Support Files/Pods-Aprendiendo/Pods-Aprendiendo-frameworks-${CONFIGURATION}-input-files.xcfilelist",
			);
			name = "[CP] Embed Pods Frameworks";
			outputFileListPaths = (
				"${PODS_ROOT}/Target Support Files/Pods-Aprendiendo/Pods-Aprendiendo-frameworks-${CONFIGURATION}-output-files.xcfilelist",
			);
			runOnlyForDeploymentPostprocessing = 0;
			shellPath = /bin/sh;
			shellScript = "\"${PODS_ROOT}/Target Support Files/Pods-Aprendiendo/Pods-Aprendiendo-frameworks.sh\"\n";
			showEnvVarsInLog = 0;
		};
/* End PBXShellScriptBuildPhase section */

/* Begin PBXSourcesBuildPhase section */
		BCD722F72704280000E7C893 /* Sources */ = {
			isa = PBXSourcesBuildPhase;
			buildActionMask = 2147483647;
			files = (
				BCD723032704280000E7C893 /* ViewController.swift in Sources */,
				BCD722FF2704280000E7C893 /* AppDelegate.swift in Sources */,
				BCD723012704280000E7C893 /* SceneDelegate.swift in Sources */,
			);
			runOnlyForDeploymentPostprocessing = 0;
		};
/* End PBXSourcesBuildPhase section */

/* Begin PBXVariantGroup section */
		BCD723042704280000E7C893 /* Main.storyboard */ = {
			isa = PBXVariantGroup;
			children = (
				BCD723052704280000E7C893 /* Base */,
			);
			name = Main.storyboard;
			sourceTree = "<group>";
		};
		BCD723092704280100E7C893 /* LaunchScreen.storyboard */ = {
			isa = PBXVariantGroup;
			children = (
				BCD7230A2704280100E7C893 /* Base */,
			);
			name = LaunchScreen.storyboard;
			sourceTree = "<group>";
		};
/* End PBXVariantGroup section */

/* Begin XCBuildConfiguration section */
		BCD7230D2704280100E7C893 /* Debug */ = {
			isa = XCBuildConfiguration;
			buildSettings = {
				ALWAYS_SEARCH_USER_PATHS = NO;
				CLANG_ANALYZER_NONNULL = YES;
				CLANG_ANALYZER_NUMBER_OBJECT_CONVERSION = YES_AGGRESSIVE;
				CLANG_CXX_LANGUAGE_STANDARD = "gnu++17";
				CLANG_CXX_LIBRARY = "libc++";
				CLANG_ENABLE_MODULES = YES;
				CLANG_ENABLE_OBJC_ARC = YES;
				CLANG_ENABLE_OBJC_WEAK = YES;
				CLANG_WARN_BLOCK_CAPTURE_AUTORELEASING = YES;
				CLANG_WARN_BOOL_CONVERSION = YES;
				CLANG_WARN_COMMA = YES;
				CLANG_WARN_CONSTANT_CONVERSION = YES;
				CLANG_WARN_DEPRECATED_OBJC_IMPLEMENTATIONS = YES;
				CLANG_WARN_DIRECT_OBJC_ISA_USAGE = YES_ERROR;
				CLANG_WARN_DOCUMENTATION_COMMENTS = YES;
				CLANG_WARN_EMPTY_BODY = YES;
				CLANG_WARN_ENUM_CONVERSION = YES;
				CLANG_WARN_INFINITE_RECURSION = YES;
				CLANG_WARN_INT_CONVERSION = YES;
				CLANG_WARN_NON_LITERAL_NULL_CONVERSION = YES;
				CLANG_WARN_OBJC_IMPLICIT_RETAIN_SELF = YES;
				CLANG_WARN_OBJC_LITERAL_CONVERSION = YES;
				CLANG_WARN_OBJC_ROOT_CLASS = YES_ERROR;
				CLANG_WARN_QUOTED_INCLUDE_IN_FRAMEWORK_HEADER = YES;
				CLANG_WARN_RANGE_LOOP_ANALYSIS = YES;
				CLANG_WARN_STRICT_PROTOTYPES = YES;
				CLANG_WARN_SUSPICIOUS_MOVE = YES;
				CLANG_WARN_UNGUARDED_AVAILABILITY = YES_AGGRESSIVE;
				CLANG_WARN_UNREACHABLE_CODE = YES;
				CLANG_WARN__DUPLICATE_METHOD_MATCH = YES;
				COPY_PHASE_STRIP = NO;
				DEBUG_INFORMATION_FORMAT = dwarf;
				ENABLE_STRICT_OBJC_MSGSEND = YES;
				ENABLE_TESTABILITY = YES;
				GCC_C_LANGUAGE_STANDARD = gnu11;
				GCC_DYNAMIC_NO_PIC = NO;
				GCC_NO_COMMON_BLOCKS = YES;
				GCC_OPTIMIZATION_LEVEL = 0;
				GCC_PREPROCESSOR_DEFINITIONS = (
					"DEBUG=1",
					"$(inherited)",
				);
				GCC_WARN_64_TO_32_BIT_CONVERSION = YES;
				GCC_WARN_ABOUT_RETURN_TYPE = YES_ERROR;
				GCC_WARN_UNDECLARED_SELECTOR = YES;
				GCC_WARN_UNINITIALIZED_AUTOS = YES_AGGRESSIVE;
				GCC_WARN_UNUSED_FUNCTION = YES;
				GCC_WARN_UNUSED_VARIABLE = YES;
				IPHONEOS_DEPLOYMENT_TARGET = 15.0;
				MTL_ENABLE_DEBUG_INFO = INCLUDE_SOURCE;
				MTL_FAST_MATH = YES;
				ONLY_ACTIVE_ARCH = YES;
				SDKROOT = iphoneos;
				SWIFT_ACTIVE_COMPILATION_CONDITIONS = DEBUG;
				SWIFT_OPTIMIZATION_LEVEL = "-Onone";
			};
			name = Debug;
		};
		BCD7230E2704280100E7C893 /* Release */ = {
			isa = XCBuildConfiguration;
			buildSettings = {
				ALWAYS_SEARCH_USER_PATHS = NO;
				CLANG_ANALYZER_NONNULL = YES;
				CLANG_ANALYZER_NUMBER_OBJECT_CONVERSION = YES_AGGRESSIVE;
				CLANG_CXX_LANGUAGE_STANDARD = "gnu++17";
				CLANG_CXX_LIBRARY = "libc++";
				CLANG_ENABLE_MODULES = YES;
				CLANG_ENABLE_OBJC_ARC = YES;
				CLANG_ENABLE_OBJC_WEAK = YES;
				CLANG_WARN_BLOCK_CAPTURE_AUTORELEASING = YES;
				CLANG_WARN_BOOL_CONVERSION = YES;
				CLANG_WARN_COMMA = YES;
				CLANG_WARN_CONSTANT_CONVERSION = YES;
				CLANG_WARN_DEPRECATED_OBJC_IMPLEMENTATIONS = YES;
				CLANG_WARN_DIRECT_OBJC_ISA_USAGE = YES_ERROR;
				CLANG_WARN_DOCUMENTATION_COMMENTS = YES;
				CLANG_WARN_EMPTY_BODY = YES;
				CLANG_WARN_ENUM_CONVERSION = YES;
				CLANG_WARN_INFINITE_RECURSION = YES;
				CLANG_WARN_INT_CONVERSION = YES;
				CLANG_WARN_NON_LITERAL_NULL_CONVERSION = YES;
				CLANG_WARN_OBJC_IMPLICIT_RETAIN_SELF = YES;
				CLANG_WARN_OBJC_LITERAL_CONVERSION = YES;
				CLANG_WARN_OBJC_ROOT_CLASS = YES_ERROR;
				CLANG_WARN_QUOTED_INCLUDE_IN_FRAMEWORK_HEADER = YES;
				CLANG_WARN_RANGE_LOOP_ANALYSIS = YES;
				CLANG_WARN_STRICT_PROTOTYPES = YES;
				CLANG_WARN_SUSPICIOUS_MOVE = YES;
				CLANG_WARN_UNGUARDED_AVAILABILITY = YES_AGGRESSIVE;
				CLANG_WARN_UNREACHABLE_CODE = YES;
				CLANG_WARN__DUPLICATE_METHOD_MATCH = YES;
				COPY_PHASE_STRIP = NO;
				DEBUG_INFORMATION_FORMAT = "dwarf-with-dsym";
				ENABLE_NS_ASSERTIONS = NO;
				ENABLE_STRICT_OBJC_MSGSEND = YES;
				GCC_C_LANGUAGE_STANDARD = gnu11;
				GCC_NO_COMMON_BLOCKS = YES;
				GCC_WARN_64_TO_32_BIT_CONVERSION = YES;
				GCC_WARN_ABOUT_RETURN_TYPE = YES_ERROR;
				GCC_WARN_UNDECLARED_SELECTOR = YES;
				GCC_WARN_UNINITIALIZED_AUTOS = YES_AGGRESSIVE;
				GCC_WARN_UNUSED_FUNCTION = YES;
				GCC_WARN_UNUSED_VARIABLE = YES;
				IPHONEOS_DEPLOYMENT_TARGET = 15.0;
				MTL_ENABLE_DEBUG_INFO = NO;
				MTL_FAST_MATH = YES;
				SDKROOT = iphoneos;
				SWIFT_COMPILATION_MODE = wholemodule;
				SWIFT_OPTIMIZATION_LEVEL = "-O";
				VALIDATE_PRODUCT = YES;
			};
			name = Release;
		};
		BCD723102704280100E7C893 /* Debug */ = {
			isa = XCBuildConfiguration;
			baseConfigurationReference = EB3A9D78AAAECC5B1E0216A2 /* Pods-Aprendiendo.debug.xcconfig */;
			buildSettings = {
				ASSETCATALOG_COMPILER_APPICON_NAME = AppIcon;
				ASSETCATALOG_COMPILER_GLOBAL_ACCENT_COLOR_NAME = AccentColor;
				CODE_SIGN_STYLE = Automatic;
				CURRENT_PROJECT_VERSION = 1;
				DEVELOPMENT_TEAM = 77U5G927B3;
				GENERATE_INFOPLIST_FILE = YES;
				INFOPLIST_FILE = Aprendiendo/Info.plist;
				INFOPLIST_KEY_UIApplicationSupportsIndirectInputEvents = YES;
				INFOPLIST_KEY_UILaunchStoryboardName = LaunchScreen;
				INFOPLIST_KEY_UIMainStoryboardFile = Main;
				INFOPLIST_KEY_UISupportedInterfaceOrientations = "UIInterfaceOrientationPortrait UIInterfaceOrientationLandscapeLeft UIInterfaceOrientationLandscapeRight";
				INFOPLIST_KEY_UISupportedInterfaceOrientations_iPad = "UIInterfaceOrientationPortrait UIInterfaceOrientationPortraitUpsideDown UIInterfaceOrientationLandscapeLeft UIInterfaceOrientationLandscapeRight";
				INFOPLIST_KEY_UISupportedInterfaceOrientations_iPhone = "UIInterfaceOrientationPortrait UIInterfaceOrientationLandscapeLeft UIInterfaceOrientationLandscapeRight";
				LD_RUNPATH_SEARCH_PATHS = (
					"$(inherited)",
					"@executable_path/Frameworks",
				);
				MARKETING_VERSION = 1.0;
				PRODUCT_BUNDLE_IDENTIFIER = com.josefrancasrod.Aprendiendo;
				PRODUCT_NAME = "$(TARGET_NAME)";
				SWIFT_EMIT_LOC_STRINGS = YES;
				SWIFT_VERSION = 5.0;
				TARGETED_DEVICE_FAMILY = "1,2";
			};
			name = Debug;
		};
		BCD723112704280100E7C893 /* Release */ = {
			isa = XCBuildConfiguration;
			baseConfigurationReference = 202CDC3B0A330B66EC18E9FA /* Pods-Aprendiendo.release.xcconfig */;
			buildSettings = {
				ASSETCATALOG_COMPILER_APPICON_NAME = AppIcon;
				ASSETCATALOG_COMPILER_GLOBAL_ACCENT_COLOR_NAME = AccentColor;
				CODE_SIGN_STYLE = Automatic;
				CURRENT_PROJECT_VERSION = 1;
				DEVELOPMENT_TEAM = 77U5G927B3;
				GENERATE_INFOPLIST_FILE = YES;
				INFOPLIST_FILE = Aprendiendo/Info.plist;
				INFOPLIST_KEY_UIApplicationSupportsIndirectInputEvents = YES;
				INFOPLIST_KEY_UILaunchStoryboardName = LaunchScreen;
				INFOPLIST_KEY_UIMainStoryboardFile = Main;
				INFOPLIST_KEY_UISupportedInterfaceOrientations = "UIInterfaceOrientationPortrait UIInterfaceOrientationLandscapeLeft UIInterfaceOrientationLandscapeRight";
				INFOPLIST_KEY_UISupportedInterfaceOrientations_iPad = "UIInterfaceOrientationPortrait UIInterfaceOrientationPortraitUpsideDown UIInterfaceOrientationLandscapeLeft UIInterfaceOrientationLandscapeRight";
				INFOPLIST_KEY_UISupportedInterfaceOrientations_iPhone = "UIInterfaceOrientationPortrait UIInterfaceOrientationLandscapeLeft UIInterfaceOrientationLandscapeRight";
				LD_RUNPATH_SEARCH_PATHS = (
					"$(inherited)",
					"@executable_path/Frameworks",
				);
				MARKETING_VERSION = 1.0;
				PRODUCT_BUNDLE_IDENTIFIER = com.josefrancasrod.Aprendiendo;
				PRODUCT_NAME = "$(TARGET_NAME)";
				SWIFT_EMIT_LOC_STRINGS = YES;
				SWIFT_VERSION = 5.0;
				TARGETED_DEVICE_FAMILY = "1,2";
			};
			name = Release;
		};
/* End XCBuildConfiguration section */

/* Begin XCConfigurationList section */
		BCD722F62704280000E7C893 /* Build configuration list for PBXProject "Aprendiendo" */ = {
			isa = XCConfigurationList;
			buildConfigurations = (
				BCD7230D2704280100E7C893 /* Debug */,
				BCD7230E2704280100E7C893 /* Release */,
			);
			defaultConfigurationIsVisible = 0;
			defaultConfigurationName = Release;
		};
		BCD7230F2704280100E7C893 /* Build configuration list for PBXNativeTarget "Aprendiendo" */ = {
			isa = XCConfigurationList;
			buildConfigurations = (
				BCD723102704280100E7C893 /* Debug */,
				BCD723112704280100E7C893 /* Release */,
			);
			defaultConfigurationIsVisible = 0;
			defaultConfigurationName = Release;
		};
/* End XCConfigurationList section */
	};
	rootObject = BCD722F32704280000E7C893 /* Project object */;
}
